
Microsoft Visual Studio Solution File, Format Version 12.00
# Visual Studio Version 17
VisualStudioVersion = 17.3.32929.385
MinimumVisualStudioVersion = 10.0.40219.1
Project("{9A19103F-16F7-4668-BE54-9A1E7A4F7556}") = "SnakeGame", "SnakeGame.csproj", "{76F58E17-A94B-472B-B9C0-30CC20219668}"
EndProject
Project("{FAE04EC0-301F-11D3-BF4B-00C04F79EFBC}") = "SnakeGameTests", "..\SnakeGameTests\SnakeGameTests.csproj", "{0DE4668E-910A-4CF4-9754-C8B01BEB19C2}"
	ProjectSection(ProjectDependencies) = postProject
		{76F58E17-A94B-472B-B9C0-30CC20219668} = {76F58E17-A94B-472B-B9C0-30CC20219668}
	EndProjectSection
EndProject
Global
	GlobalSection(SolutionConfigurationPlatforms) = preSolution
		Debug|Any CPU = Debug|Any CPU
		Release|Any CPU = Release|Any CPU
	EndGlobalSection
	GlobalSection(ProjectConfigurationPlatforms) = postSolution
		{76F58E17-A94B-472B-B9C0-30CC20219668}.Debug|Any CPU.ActiveCfg = Debug|Any CPU
		{76F58E17-A94B-472B-B9C0-30CC20219668}.Debug|Any CPU.Build.0 = Debug|Any CPU
		{76F58E17-A94B-472B-B9C0-30CC20219668}.Release|Any CPU.ActiveCfg = Release|Any CPU
		{76F58E17-A94B-472B-B9C0-30CC20219668}.Release|Any CPU.Build.0 = Release|Any CPU
		{0DE4668E-910A-4CF4-9754-C8B01BEB19C2}.Debug|Any CPU.ActiveCfg = Debug|Any CPU
		{0DE4668E-910A-4CF4-9754-C8B01BEB19C2}.Debug|Any CPU.Build.0 = Debug|Any CPU
		{0DE4668E-910A-4CF4-9754-C8B01BEB19C2}.Release|Any CPU.ActiveCfg = Release|Any CPU
		{0DE4668E-910A-4CF4-9754-C8B01BEB19C2}.Release|Any CPU.Build.0 = Release|Any CPU
	EndGlobalSection
	GlobalSection(SolutionProperties) = preSolution
		HideSolutionNode = FALSE
	EndGlobalSection
	GlobalSection(ExtensibilityGlobals) = postSolution
		SolutionGuid = {CB8A5F18-4D80-45B4-BFAC-DF50954BE94D}
	EndGlobalSection
EndGlobal
